{
    "_readme": [
        "This file locks the dependencies of your project to a known state",
        "Read more about it at https://getcomposer.org/doc/01-basic-usage.md#composer-lock-the-lock-file",
        "This file is @generated automatically"
    ],
    "content-hash": "aab0c7b6ec4c2f8a9d57d09e2911c2c4",
    "packages": [
        {
            "name": "RobotUnion/robot-php-sdk",
            "version": "dev-driverfree",
            "dist": {
                "type": "path",
                "url": "/home/lluis/Projects/Web/robotunion.net/robot-php-sdk",
                "reference": "690b81acb3b58b0528c8cb5ab0ebdf63c7eadcb5",
                "shasum": null
            },
            "require": {
                "ext-zip": "*"
            },
            "bin": [
                "bin/rr",
                "bin/rpkg"
            ],
            "type": "library",
            "autoload": {
                "psr-4": {
                    "": "src/"
                }
            }
        },
        {
            "name": "facebook/webdriver",
            "version": "1.4.1",
            "source": {
                "type": "git",
                "url": "https://github.com/facebook/php-webdriver.git",
                "reference": "eadb0b7a7c3e6578185197fd40158b08c3164c83"
            },
            "dist": {
                "type": "zip",
                "url": "https://api.github.com/repos/facebook/php-webdriver/zipball/eadb0b7a7c3e6578185197fd40158b08c3164c83",
                "reference": "eadb0b7a7c3e6578185197fd40158b08c3164c83",
                "shasum": ""
            },
            "require": {
                "ext-curl": "*",
                "ext-zip": "*",
                "php": "^5.5 || ~7.0",
                "symfony/process": "^2.8 || ^3.1"
            },
            "require-dev": {
                "friendsofphp/php-cs-fixer": "^2.0",
                "php-mock/php-mock-phpunit": "^1.1",
                "phpunit/phpunit": "4.6.* || ~5.0",
                "satooshi/php-coveralls": "^1.0",
                "squizlabs/php_codesniffer": "^2.6"
            },
            "type": "library",
            "extra": {
                "branch-alias": {
                    "dev-community": "1.5-dev"
                }
            },
            "autoload": {
                "psr-4": {
                    "Facebook\\WebDriver\\": "lib/"
                }
            },
            "notification-url": "https://packagist.org/downloads/",
            "license": [
                "Apache-2.0"
            ],
            "description": "A PHP client for Selenium WebDriver",
            "homepage": "https://github.com/facebook/php-webdriver",
            "keywords": [
                "facebook",
                "php",
                "selenium",
                "webdriver"
            ],
            "time": "2017-04-28T14:54:49+00:00"
        },
        {
            "name": "symfony/process",
            "version": "v3.3.10",
            "source": {
                "type": "git",
                "url": "https://github.com/symfony/process.git",
                "reference": "fdf89e57a723a29baf536e288d6e232c059697b1"
            },
            "dist": {
                "type": "zip",
                "url": "https://api.github.com/repos/symfony/process/zipball/fdf89e57a723a29baf536e288d6e232c059697b1",
                "reference": "fdf89e57a723a29baf536e288d6e232c059697b1",
                "shasum": ""
            },
            "require": {
                "php": "^5.5.9|>=7.0.8"
            },
            "type": "library",
            "extra": {
                "branch-alias": {
                    "dev-master": "3.3-dev"
                }
            },
            "autoload": {
                "psr-4": {
                    "Symfony\\Component\\Process\\": ""
                },
                "exclude-from-classmap": [
                    "/Tests/"
                ]
            },
            "notification-url": "https://packagist.org/downloads/",
            "license": [
                "MIT"
            ],
            "authors": [
                {
                    "name": "Fabien Potencier",
                    "email": "fabien@symfony.com"
                },
                {
                    "name": "Symfony Community",
                    "homepage": "https://symfony.com/contributors"
                }
            ],
            "description": "Symfony Process Component",
            "homepage": "https://symfony.com",
            "time": "2017-10-02T06:42:24+00:00"
        }
    ],
    "packages-dev": [],
    "aliases": [],
    "minimum-stability": "dev",
    "stability-flags": {
        "robotunion/robot-php-sdk": 20
    },
    "prefer-stable": true,
    "prefer-lowest": false,
    "platform": [],
    "platform-dev": []
}
